<?xml version="1.0" encoding="utf-8"?>
<Project ToolsVersion="4.0" xmlns="http://schemas.microsoft.com/developer/msbuild/2003">
  <ItemGroup>
    <Filter Include="源文件">
      <UniqueIdentifier>{4FC737F1-C7A5-4376-A066-2A32D752A2FF}</UniqueIdentifier>
      <Extensions>cpp;c;cc;cxx;def;odl;idl;hpj;bat;asm;asmx</Extensions>
    </Filter>
    <Filter Include="头文件">
      <UniqueIdentifier>{93995380-89BD-4b04-88EB-625FBE52EBFB}</UniqueIdentifier>
      <Extensions>h;hh;hpp;hxx;hm;inl;inc;ipp;xsd</Extensions>
    </Filter>
    <Filter Include="资源文件">
      <UniqueIdentifier>{67DA6AB6-F800-4c08-8B7A-83BB121AAD01}</UniqueIdentifier>
      <Extensions>rc;ico;cur;bmp;dlg;rc2;rct;bin;rgs;gif;jpg;jpeg;jpe;resx;tiff;tif;png;wav;mfcribbon-ms</Extensions>
    </Filter>
  </ItemGroup>
  <ItemGroup>
    <ClCompile Include="TestRedis.cpp">
      <Filter>源文件</Filter>
    </ClCompile>
    <ClCompile Include="TestSplit.cpp">
      <Filter>源文件</Filter>
    </ClCompile>
    <ClCompile Include="TestWriteLog.cpp">
      <Filter>源文件</Filter>
    </ClCompile>
    <ClCompile Include="TestConsistent.cpp">
      <Filter>源文件</Filter>
    </ClCompile>
    <ClCompile Include="TestEncypt.cpp">
      <Filter>源文件</Filter>
    </ClCompile>
    <ClCompile Include="TestSnowFlake.cpp">
      <Filter>源文件</Filter>
    </ClCompile>
    <ClCompile Include="SFTest.cpp">
      <Filter>源文件</Filter>
    </ClCompile>
    <ClCompile Include="TestMd5.cpp">
      <Filter>源文件</Filter>
    </ClCompile>
    <ClCompile Include="TestFile.cpp">
      <Filter>源文件</Filter>
    </ClCompile>
    <ClCompile Include="TestAnyData.cpp">
      <Filter>源文件</Filter>
    </ClCompile>
    <ClCompile Include="TestSql.cpp">
      <Filter>源文件</Filter>
    </ClCompile>
    <ClCompile Include="TestConnMysql.cpp">
      <Filter>源文件</Filter>
    </ClCompile>
    <ClCompile Include="Connection\Conn.cpp">
      <Filter>源文件</Filter>
    </ClCompile>
    <ClCompile Include="Connection\ConnectionPool.cpp">
      <Filter>源文件</Filter>
    </ClCompile>
    <ClCompile Include="TestExpr.cpp">
      <Filter>源文件</Filter>
    </ClCompile>
    <ClCompile Include="TestAStar.cpp">
      <Filter>源文件</Filter>
    </ClCompile>
    <ClCompile Include="map\AStarNav.cpp">
      <Filter>源文件</Filter>
    </ClCompile>
    <ClCompile Include="map\GameMapMgr.cpp">
      <Filter>源文件</Filter>
    </ClCompile>
    <ClCompile Include="TestInner.cpp">
      <Filter>源文件</Filter>
    </ClCompile>
    <ClCompile Include="TestTraits.cpp">
      <Filter>源文件</Filter>
    </ClCompile>
    <ClCompile Include="Observer.cpp">
      <Filter>源文件</Filter>
    </ClCompile>
    <ClCompile Include="Visitor.cpp">
      <Filter>源文件</Filter>
    </ClCompile>
  </ItemGroup>
  <ItemGroup>
    <ClInclude Include="SFTest.h">
      <Filter>头文件</Filter>
    </ClInclude>
    <ClInclude Include="Connection\Conn.h">
      <Filter>头文件</Filter>
    </ClInclude>
    <ClInclude Include="Connection\ConnectionPool.h">
      <Filter>头文件</Filter>
    </ClInclude>
    <ClInclude Include="map\AStarNav.h">
      <Filter>头文件</Filter>
    </ClInclude>
    <ClInclude Include="map\GameMapMgr.h">
      <Filter>头文件</Filter>
    </ClInclude>
    <ClInclude Include="Observer.h">
      <Filter>头文件</Filter>
    </ClInclude>
    <ClInclude Include="Visitor.h">
      <Filter>头文件</Filter>
    </ClInclude>
  </ItemGroup>
</Project>