<?xml version="1.0" encoding="utf-8"?>
<Project ToolsVersion="4.0" xmlns="http://schemas.microsoft.com/developer/msbuild/2003">
  <ItemGroup>
    <ClCompile Include="CommCommand.cpp" />
    <ClCompile Include="Connection\Conn.cpp" />
    <ClCompile Include="Connection\ConnectionPool.cpp" />
    <ClCompile Include="map\GameMapMgr.cpp" />
    <ClCompile Include="map\AStarNav.cpp" />
    <ClCompile Include="Observer.cpp" />
    <ClCompile Include="SFTest.cpp" />
    <ClCompile Include="TestAnyData.cpp" />
    <ClCompile Include="TestAStar.cpp" />
    <ClCompile Include="TestConnMysql.cpp" />
    <ClCompile Include="TestConsistent.cpp" />
    <ClCompile Include="TestEncypt.cpp" />
    <ClCompile Include="TestExpr.cpp" />
    <ClCompile Include="TestFile.cpp" />
    <ClCompile Include="TestGuard.cpp" />
    <ClCompile Include="TestInner.cpp" />
    <ClCompile Include="TestMd5.cpp" />
    <ClCompile Include="TestObjPool.cpp" />
    <ClCompile Include="TestRedis.cpp" />
    <ClCompile Include="TestSnowFlake.cpp" />
    <ClCompile Include="TestSplit.cpp" />
    <ClCompile Include="TestSql.cpp" />
    <ClCompile Include="TestThreadPool.cpp" />
    <ClCompile Include="TestTraits.cpp" />
    <ClCompile Include="TestWriteLog.cpp" />
    <ClCompile Include="Visitor.cpp" />
    <ClCompile Include="TestPrintContener.cpp" />
  </ItemGroup>
  <ItemGroup>
    <ClInclude Include="CommCommand.h" />
    <ClInclude Include="Connection\Conn.h" />
    <ClInclude Include="Connection\ConnectionPool.h" />
    <ClInclude Include="map\GameMapMgr.h" />
    <ClInclude Include="map\AStarNav.h" />
    <ClInclude Include="Observer.h" />
    <ClInclude Include="SFTest.h" />
    <ClInclude Include="TestGuard.h" />
    <ClInclude Include="TestObjPool.h" />
    <ClInclude Include="TestThreadPool.h" />
    <ClInclude Include="Visitor.h" />
  </ItemGroup>
</Project>