
Microsoft Visual Studio Solution File, Format Version 12.00
# Visual Studio Version 16
VisualStudioVersion = 16.0.29503.13
MinimumVisualStudioVersion = 10.0.40219.1
Project("{8BC9CEB8-8B4A-11D0-8D11-00A0C91BC942}") = "WorldServer", "WorldServer\WorldServer.vcxproj", "{E59C0F64-C2DA-4745-B696-EF4DD94558F8}"
	ProjectSection(ProjectDependencies) = postProject
		{F22D411E-9BD7-4AD5-980F-9BCDE22BD763} = {F22D411E-9BD7-4AD5-980F-9BCDE22BD763}
		{BB692190-40C5-4CE2-9345-30829F409A62} = {BB692190-40C5-4CE2-9345-30829F409A62}
		{C1DB09F1-AB9B-47D4-ADB9-5F19543EDD68} = {C1DB09F1-AB9B-47D4-ADB9-5F19543EDD68}
	EndProjectSection
EndProject
Project("{8BC9CEB8-8B4A-11D0-8D11-00A0C91BC942}") = "TestServer", "TestServer\TestServer.vcxproj", "{D094A4B7-C8EC-46BB-BAC4-C8F46B67CEBD}"
	ProjectSection(ProjectDependencies) = postProject
		{F22D411E-9BD7-4AD5-980F-9BCDE22BD763} = {F22D411E-9BD7-4AD5-980F-9BCDE22BD763}
		{BB692190-40C5-4CE2-9345-30829F409A62} = {BB692190-40C5-4CE2-9345-30829F409A62}
		{C1DB09F1-AB9B-47D4-ADB9-5F19543EDD68} = {C1DB09F1-AB9B-47D4-ADB9-5F19543EDD68}
	EndProjectSection
EndProject
Project("{8BC9CEB8-8B4A-11D0-8D11-00A0C91BC942}") = "TestClient", "TestClient\TestClient.vcxproj", "{31A43A28-618A-4B58-BC15-74E739B4A03A}"
	ProjectSection(ProjectDependencies) = postProject
		{F22D411E-9BD7-4AD5-980F-9BCDE22BD763} = {F22D411E-9BD7-4AD5-980F-9BCDE22BD763}
		{BB692190-40C5-4CE2-9345-30829F409A62} = {BB692190-40C5-4CE2-9345-30829F409A62}
		{C1DB09F1-AB9B-47D4-ADB9-5F19543EDD68} = {C1DB09F1-AB9B-47D4-ADB9-5F19543EDD68}
	EndProjectSection
EndProject
Project("{8BC9CEB8-8B4A-11D0-8D11-00A0C91BC942}") = "Test", "Test\Test.vcxproj", "{239FDF32-F249-47FD-8666-462D4710ECF2}"
EndProject
Project("{8BC9CEB8-8B4A-11D0-8D11-00A0C91BC942}") = "PlayerClient", "PlayerClient\PlayerClient.vcxproj", "{DB372B12-9C79-4282-9803-7AE13DD99840}"
	ProjectSection(ProjectDependencies) = postProject
		{F22D411E-9BD7-4AD5-980F-9BCDE22BD763} = {F22D411E-9BD7-4AD5-980F-9BCDE22BD763}
		{BB692190-40C5-4CE2-9345-30829F409A62} = {BB692190-40C5-4CE2-9345-30829F409A62}
		{C1DB09F1-AB9B-47D4-ADB9-5F19543EDD68} = {C1DB09F1-AB9B-47D4-ADB9-5F19543EDD68}
	EndProjectSection
EndProject
Project("{8BC9CEB8-8B4A-11D0-8D11-00A0C91BC942}") = "NetProto", "NetProto\NetProto.vcxproj", "{BB692190-40C5-4CE2-9345-30829F409A62}"
	ProjectSection(ProjectDependencies) = postProject
		{C1DB09F1-AB9B-47D4-ADB9-5F19543EDD68} = {C1DB09F1-AB9B-47D4-ADB9-5F19543EDD68}
	EndProjectSection
EndProject
Project("{8BC9CEB8-8B4A-11D0-8D11-00A0C91BC942}") = "MasterServer", "MasterServer\MasterServer.vcxproj", "{6EDB23ED-7A59-4687-A244-04B541E553AF}"
	ProjectSection(ProjectDependencies) = postProject
		{F22D411E-9BD7-4AD5-980F-9BCDE22BD763} = {F22D411E-9BD7-4AD5-980F-9BCDE22BD763}
		{BB692190-40C5-4CE2-9345-30829F409A62} = {BB692190-40C5-4CE2-9345-30829F409A62}
		{C1DB09F1-AB9B-47D4-ADB9-5F19543EDD68} = {C1DB09F1-AB9B-47D4-ADB9-5F19543EDD68}
	EndProjectSection
EndProject
Project("{8BC9CEB8-8B4A-11D0-8D11-00A0C91BC942}") = "GateServer", "GateServer\GateServer.vcxproj", "{64136206-4232-46E4-95E4-160EE5CEF37E}"
	ProjectSection(ProjectDependencies) = postProject
		{BB692190-40C5-4CE2-9345-30829F409A62} = {BB692190-40C5-4CE2-9345-30829F409A62}
		{C1DB09F1-AB9B-47D4-ADB9-5F19543EDD68} = {C1DB09F1-AB9B-47D4-ADB9-5F19543EDD68}
	EndProjectSection
EndProject
Project("{8BC9CEB8-8B4A-11D0-8D11-00A0C91BC942}") = "GameServer", "GameServer\GameServer.vcxproj", "{3E65A0F0-01E8-4821-A595-7457CCF25A2B}"
	ProjectSection(ProjectDependencies) = postProject
		{F22D411E-9BD7-4AD5-980F-9BCDE22BD763} = {F22D411E-9BD7-4AD5-980F-9BCDE22BD763}
		{BB692190-40C5-4CE2-9345-30829F409A62} = {BB692190-40C5-4CE2-9345-30829F409A62}
		{C1DB09F1-AB9B-47D4-ADB9-5F19543EDD68} = {C1DB09F1-AB9B-47D4-ADB9-5F19543EDD68}
	EndProjectSection
EndProject
Project("{8BC9CEB8-8B4A-11D0-8D11-00A0C91BC942}") = "DBServer", "DBServer\DBServer.vcxproj", "{D7F514DF-9750-4E0E-8BA1-D6EF4D9DBC93}"
	ProjectSection(ProjectDependencies) = postProject
		{F22D411E-9BD7-4AD5-980F-9BCDE22BD763} = {F22D411E-9BD7-4AD5-980F-9BCDE22BD763}
		{BB692190-40C5-4CE2-9345-30829F409A62} = {BB692190-40C5-4CE2-9345-30829F409A62}
		{C1DB09F1-AB9B-47D4-ADB9-5F19543EDD68} = {C1DB09F1-AB9B-47D4-ADB9-5F19543EDD68}
	EndProjectSection
EndProject
Project("{8BC9CEB8-8B4A-11D0-8D11-00A0C91BC942}") = "ChatServer", "ChatServer\ChatServer.vcxproj", "{F15B48E2-7BA7-4EFD-85C6-585B173C1F3F}"
	ProjectSection(ProjectDependencies) = postProject
		{F22D411E-9BD7-4AD5-980F-9BCDE22BD763} = {F22D411E-9BD7-4AD5-980F-9BCDE22BD763}
		{BB692190-40C5-4CE2-9345-30829F409A62} = {BB692190-40C5-4CE2-9345-30829F409A62}
		{C1DB09F1-AB9B-47D4-ADB9-5F19543EDD68} = {C1DB09F1-AB9B-47D4-ADB9-5F19543EDD68}
	EndProjectSection
EndProject
Project("{8BC9CEB8-8B4A-11D0-8D11-00A0C91BC942}") = "SeNet", "SeNet\SeNet.vcxproj", "{F22D411E-9BD7-4AD5-980F-9BCDE22BD763}"
	ProjectSection(ProjectDependencies) = postProject
		{BB692190-40C5-4CE2-9345-30829F409A62} = {BB692190-40C5-4CE2-9345-30829F409A62}
		{C1DB09F1-AB9B-47D4-ADB9-5F19543EDD68} = {C1DB09F1-AB9B-47D4-ADB9-5F19543EDD68}
	EndProjectSection
EndProject
Project("{8BC9CEB8-8B4A-11D0-8D11-00A0C91BC942}") = "LoginServer", "LoginServer\LoginServer.vcxproj", "{5060352A-F00F-4291-818B-032AB72CD4B3}"
EndProject
Project("{8BC9CEB8-8B4A-11D0-8D11-00A0C91BC942}") = "Common", "Common\Common.vcxproj", "{C1DB09F1-AB9B-47D4-ADB9-5F19543EDD68}"
EndProject
Project("{8BC9CEB8-8B4A-11D0-8D11-00A0C91BC942}") = "TestLua", "TestLua\TestLua.vcxproj", "{F6F74105-D8E0-4F03-A36F-4D3051CFCCD2}"
EndProject
Global
	GlobalSection(SolutionConfigurationPlatforms) = preSolution
		Debug|x64 = Debug|x64
		Debug|x86 = Debug|x86
		Release|x64 = Release|x64
		Release|x86 = Release|x86
	EndGlobalSection
	GlobalSection(ProjectConfigurationPlatforms) = postSolution
		{E59C0F64-C2DA-4745-B696-EF4DD94558F8}.Debug|x64.ActiveCfg = Debug|x64
		{E59C0F64-C2DA-4745-B696-EF4DD94558F8}.Debug|x64.Build.0 = Debug|x64
		{E59C0F64-C2DA-4745-B696-EF4DD94558F8}.Debug|x86.ActiveCfg = Debug|Win32
		{E59C0F64-C2DA-4745-B696-EF4DD94558F8}.Debug|x86.Build.0 = Debug|Win32
		{E59C0F64-C2DA-4745-B696-EF4DD94558F8}.Release|x64.ActiveCfg = Release|x64
		{E59C0F64-C2DA-4745-B696-EF4DD94558F8}.Release|x64.Build.0 = Release|x64
		{E59C0F64-C2DA-4745-B696-EF4DD94558F8}.Release|x86.ActiveCfg = Release|Win32
		{E59C0F64-C2DA-4745-B696-EF4DD94558F8}.Release|x86.Build.0 = Release|Win32
		{D094A4B7-C8EC-46BB-BAC4-C8F46B67CEBD}.Debug|x64.ActiveCfg = Debug|x64
		{D094A4B7-C8EC-46BB-BAC4-C8F46B67CEBD}.Debug|x64.Build.0 = Debug|x64
		{D094A4B7-C8EC-46BB-BAC4-C8F46B67CEBD}.Debug|x86.ActiveCfg = Debug|Win32
		{D094A4B7-C8EC-46BB-BAC4-C8F46B67CEBD}.Debug|x86.Build.0 = Debug|Win32
		{D094A4B7-C8EC-46BB-BAC4-C8F46B67CEBD}.Release|x64.ActiveCfg = Release|x64
		{D094A4B7-C8EC-46BB-BAC4-C8F46B67CEBD}.Release|x64.Build.0 = Release|x64
		{D094A4B7-C8EC-46BB-BAC4-C8F46B67CEBD}.Release|x86.ActiveCfg = Release|Win32
		{D094A4B7-C8EC-46BB-BAC4-C8F46B67CEBD}.Release|x86.Build.0 = Release|Win32
		{31A43A28-618A-4B58-BC15-74E739B4A03A}.Debug|x64.ActiveCfg = Debug|x64
		{31A43A28-618A-4B58-BC15-74E739B4A03A}.Debug|x64.Build.0 = Debug|x64
		{31A43A28-618A-4B58-BC15-74E739B4A03A}.Debug|x86.ActiveCfg = Debug|Win32
		{31A43A28-618A-4B58-BC15-74E739B4A03A}.Debug|x86.Build.0 = Debug|Win32
		{31A43A28-618A-4B58-BC15-74E739B4A03A}.Release|x64.ActiveCfg = Release|x64
		{31A43A28-618A-4B58-BC15-74E739B4A03A}.Release|x64.Build.0 = Release|x64
		{31A43A28-618A-4B58-BC15-74E739B4A03A}.Release|x86.ActiveCfg = Release|Win32
		{31A43A28-618A-4B58-BC15-74E739B4A03A}.Release|x86.Build.0 = Release|Win32
		{239FDF32-F249-47FD-8666-462D4710ECF2}.Debug|x64.ActiveCfg = Debug|x64
		{239FDF32-F249-47FD-8666-462D4710ECF2}.Debug|x64.Build.0 = Debug|x64
		{239FDF32-F249-47FD-8666-462D4710ECF2}.Debug|x86.ActiveCfg = Debug|Win32
		{239FDF32-F249-47FD-8666-462D4710ECF2}.Debug|x86.Build.0 = Debug|Win32
		{239FDF32-F249-47FD-8666-462D4710ECF2}.Release|x64.ActiveCfg = Release|x64
		{239FDF32-F249-47FD-8666-462D4710ECF2}.Release|x64.Build.0 = Release|x64
		{239FDF32-F249-47FD-8666-462D4710ECF2}.Release|x86.ActiveCfg = Release|Win32
		{239FDF32-F249-47FD-8666-462D4710ECF2}.Release|x86.Build.0 = Release|Win32
		{DB372B12-9C79-4282-9803-7AE13DD99840}.Debug|x64.ActiveCfg = Debug|x64
		{DB372B12-9C79-4282-9803-7AE13DD99840}.Debug|x64.Build.0 = Debug|x64
		{DB372B12-9C79-4282-9803-7AE13DD99840}.Debug|x86.ActiveCfg = Debug|Win32
		{DB372B12-9C79-4282-9803-7AE13DD99840}.Debug|x86.Build.0 = Debug|Win32
		{DB372B12-9C79-4282-9803-7AE13DD99840}.Release|x64.ActiveCfg = Release|x64
		{DB372B12-9C79-4282-9803-7AE13DD99840}.Release|x64.Build.0 = Release|x64
		{DB372B12-9C79-4282-9803-7AE13DD99840}.Release|x86.ActiveCfg = Release|Win32
		{DB372B12-9C79-4282-9803-7AE13DD99840}.Release|x86.Build.0 = Release|Win32
		{BB692190-40C5-4CE2-9345-30829F409A62}.Debug|x64.ActiveCfg = Debug|x64
		{BB692190-40C5-4CE2-9345-30829F409A62}.Debug|x64.Build.0 = Debug|x64
		{BB692190-40C5-4CE2-9345-30829F409A62}.Debug|x86.ActiveCfg = Debug|Win32
		{BB692190-40C5-4CE2-9345-30829F409A62}.Debug|x86.Build.0 = Debug|Win32
		{BB692190-40C5-4CE2-9345-30829F409A62}.Release|x64.ActiveCfg = Release|x64
		{BB692190-40C5-4CE2-9345-30829F409A62}.Release|x64.Build.0 = Release|x64
		{BB692190-40C5-4CE2-9345-30829F409A62}.Release|x86.ActiveCfg = Release|Win32
		{BB692190-40C5-4CE2-9345-30829F409A62}.Release|x86.Build.0 = Release|Win32
		{6EDB23ED-7A59-4687-A244-04B541E553AF}.Debug|x64.ActiveCfg = Debug|x64
		{6EDB23ED-7A59-4687-A244-04B541E553AF}.Debug|x64.Build.0 = Debug|x64
		{6EDB23ED-7A59-4687-A244-04B541E553AF}.Debug|x86.ActiveCfg = Debug|Win32
		{6EDB23ED-7A59-4687-A244-04B541E553AF}.Debug|x86.Build.0 = Debug|Win32
		{6EDB23ED-7A59-4687-A244-04B541E553AF}.Release|x64.ActiveCfg = Release|x64
		{6EDB23ED-7A59-4687-A244-04B541E553AF}.Release|x64.Build.0 = Release|x64
		{6EDB23ED-7A59-4687-A244-04B541E553AF}.Release|x86.ActiveCfg = Release|Win32
		{6EDB23ED-7A59-4687-A244-04B541E553AF}.Release|x86.Build.0 = Release|Win32
		{64136206-4232-46E4-95E4-160EE5CEF37E}.Debug|x64.ActiveCfg = Debug|x64
		{64136206-4232-46E4-95E4-160EE5CEF37E}.Debug|x64.Build.0 = Debug|x64
		{64136206-4232-46E4-95E4-160EE5CEF37E}.Debug|x86.ActiveCfg = Debug|Win32
		{64136206-4232-46E4-95E4-160EE5CEF37E}.Debug|x86.Build.0 = Debug|Win32
		{64136206-4232-46E4-95E4-160EE5CEF37E}.Release|x64.ActiveCfg = Release|x64
		{64136206-4232-46E4-95E4-160EE5CEF37E}.Release|x64.Build.0 = Release|x64
		{64136206-4232-46E4-95E4-160EE5CEF37E}.Release|x86.ActiveCfg = Release|Win32
		{64136206-4232-46E4-95E4-160EE5CEF37E}.Release|x86.Build.0 = Release|Win32
		{3E65A0F0-01E8-4821-A595-7457CCF25A2B}.Debug|x64.ActiveCfg = Debug|x64
		{3E65A0F0-01E8-4821-A595-7457CCF25A2B}.Debug|x64.Build.0 = Debug|x64
		{3E65A0F0-01E8-4821-A595-7457CCF25A2B}.Debug|x86.ActiveCfg = Debug|Win32
		{3E65A0F0-01E8-4821-A595-7457CCF25A2B}.Debug|x86.Build.0 = Debug|Win32
		{3E65A0F0-01E8-4821-A595-7457CCF25A2B}.Release|x64.ActiveCfg = Release|x64
		{3E65A0F0-01E8-4821-A595-7457CCF25A2B}.Release|x64.Build.0 = Release|x64
		{3E65A0F0-01E8-4821-A595-7457CCF25A2B}.Release|x86.ActiveCfg = Release|Win32
		{3E65A0F0-01E8-4821-A595-7457CCF25A2B}.Release|x86.Build.0 = Release|Win32
		{D7F514DF-9750-4E0E-8BA1-D6EF4D9DBC93}.Debug|x64.ActiveCfg = Debug|x64
		{D7F514DF-9750-4E0E-8BA1-D6EF4D9DBC93}.Debug|x64.Build.0 = Debug|x64
		{D7F514DF-9750-4E0E-8BA1-D6EF4D9DBC93}.Debug|x86.ActiveCfg = Debug|Win32
		{D7F514DF-9750-4E0E-8BA1-D6EF4D9DBC93}.Debug|x86.Build.0 = Debug|Win32
		{D7F514DF-9750-4E0E-8BA1-D6EF4D9DBC93}.Release|x64.ActiveCfg = Release|x64
		{D7F514DF-9750-4E0E-8BA1-D6EF4D9DBC93}.Release|x64.Build.0 = Release|x64
		{D7F514DF-9750-4E0E-8BA1-D6EF4D9DBC93}.Release|x86.ActiveCfg = Release|Win32
		{D7F514DF-9750-4E0E-8BA1-D6EF4D9DBC93}.Release|x86.Build.0 = Release|Win32
		{F15B48E2-7BA7-4EFD-85C6-585B173C1F3F}.Debug|x64.ActiveCfg = Debug|x64
		{F15B48E2-7BA7-4EFD-85C6-585B173C1F3F}.Debug|x64.Build.0 = Debug|x64
		{F15B48E2-7BA7-4EFD-85C6-585B173C1F3F}.Debug|x86.ActiveCfg = Debug|Win32
		{F15B48E2-7BA7-4EFD-85C6-585B173C1F3F}.Debug|x86.Build.0 = Debug|Win32
		{F15B48E2-7BA7-4EFD-85C6-585B173C1F3F}.Release|x64.ActiveCfg = Release|x64
		{F15B48E2-7BA7-4EFD-85C6-585B173C1F3F}.Release|x64.Build.0 = Release|x64
		{F15B48E2-7BA7-4EFD-85C6-585B173C1F3F}.Release|x86.ActiveCfg = Release|Win32
		{F15B48E2-7BA7-4EFD-85C6-585B173C1F3F}.Release|x86.Build.0 = Release|Win32
		{F22D411E-9BD7-4AD5-980F-9BCDE22BD763}.Debug|x64.ActiveCfg = Debug|x64
		{F22D411E-9BD7-4AD5-980F-9BCDE22BD763}.Debug|x64.Build.0 = Debug|x64
		{F22D411E-9BD7-4AD5-980F-9BCDE22BD763}.Debug|x86.ActiveCfg = Debug|Win32
		{F22D411E-9BD7-4AD5-980F-9BCDE22BD763}.Debug|x86.Build.0 = Debug|Win32
		{F22D411E-9BD7-4AD5-980F-9BCDE22BD763}.Release|x64.ActiveCfg = Release|x64
		{F22D411E-9BD7-4AD5-980F-9BCDE22BD763}.Release|x64.Build.0 = Release|x64
		{F22D411E-9BD7-4AD5-980F-9BCDE22BD763}.Release|x86.ActiveCfg = Release|Win32
		{F22D411E-9BD7-4AD5-980F-9BCDE22BD763}.Release|x86.Build.0 = Release|Win32
		{5060352A-F00F-4291-818B-032AB72CD4B3}.Debug|x64.ActiveCfg = Debug|x64
		{5060352A-F00F-4291-818B-032AB72CD4B3}.Debug|x64.Build.0 = Debug|x64
		{5060352A-F00F-4291-818B-032AB72CD4B3}.Debug|x86.ActiveCfg = Debug|Win32
		{5060352A-F00F-4291-818B-032AB72CD4B3}.Debug|x86.Build.0 = Debug|Win32
		{5060352A-F00F-4291-818B-032AB72CD4B3}.Release|x64.ActiveCfg = Release|x64
		{5060352A-F00F-4291-818B-032AB72CD4B3}.Release|x64.Build.0 = Release|x64
		{5060352A-F00F-4291-818B-032AB72CD4B3}.Release|x86.ActiveCfg = Release|Win32
		{5060352A-F00F-4291-818B-032AB72CD4B3}.Release|x86.Build.0 = Release|Win32
		{C1DB09F1-AB9B-47D4-ADB9-5F19543EDD68}.Debug|x64.ActiveCfg = Debug|x64
		{C1DB09F1-AB9B-47D4-ADB9-5F19543EDD68}.Debug|x64.Build.0 = Debug|x64
		{C1DB09F1-AB9B-47D4-ADB9-5F19543EDD68}.Debug|x86.ActiveCfg = Debug|Win32
		{C1DB09F1-AB9B-47D4-ADB9-5F19543EDD68}.Debug|x86.Build.0 = Debug|Win32
		{C1DB09F1-AB9B-47D4-ADB9-5F19543EDD68}.Release|x64.ActiveCfg = Release|x64
		{C1DB09F1-AB9B-47D4-ADB9-5F19543EDD68}.Release|x64.Build.0 = Release|x64
		{C1DB09F1-AB9B-47D4-ADB9-5F19543EDD68}.Release|x86.ActiveCfg = Release|Win32
		{C1DB09F1-AB9B-47D4-ADB9-5F19543EDD68}.Release|x86.Build.0 = Release|Win32
		{F6F74105-D8E0-4F03-A36F-4D3051CFCCD2}.Debug|x64.ActiveCfg = Debug|x64
		{F6F74105-D8E0-4F03-A36F-4D3051CFCCD2}.Debug|x64.Build.0 = Debug|x64
		{F6F74105-D8E0-4F03-A36F-4D3051CFCCD2}.Debug|x86.ActiveCfg = Debug|Win32
		{F6F74105-D8E0-4F03-A36F-4D3051CFCCD2}.Debug|x86.Build.0 = Debug|Win32
		{F6F74105-D8E0-4F03-A36F-4D3051CFCCD2}.Release|x64.ActiveCfg = Release|x64
		{F6F74105-D8E0-4F03-A36F-4D3051CFCCD2}.Release|x64.Build.0 = Release|x64
		{F6F74105-D8E0-4F03-A36F-4D3051CFCCD2}.Release|x86.ActiveCfg = Release|Win32
		{F6F74105-D8E0-4F03-A36F-4D3051CFCCD2}.Release|x86.Build.0 = Release|Win32
	EndGlobalSection
	GlobalSection(SolutionProperties) = preSolution
		HideSolutionNode = FALSE
	EndGlobalSection
	GlobalSection(ExtensibilityGlobals) = postSolution
		SolutionGuid = {6C577FC7-273C-46B5-8276-51B2E380B069}
	EndGlobalSection
EndGlobal
