<?xml version="1.0" encoding="utf-8"?>
<Project ToolsVersion="4.0" xmlns="http://schemas.microsoft.com/developer/msbuild/2003">
  <ItemGroup>
    <Filter Include="源文件">
      <UniqueIdentifier>{4FC737F1-C7A5-4376-A066-2A32D752A2FF}</UniqueIdentifier>
      <Extensions>cpp;c;cc;cxx;def;odl;idl;hpj;bat;asm;asmx</Extensions>
    </Filter>
    <Filter Include="头文件">
      <UniqueIdentifier>{93995380-89BD-4b04-88EB-625FBE52EBFB}</UniqueIdentifier>
      <Extensions>h;hh;hpp;hxx;hm;inl;inc;ipp;xsd</Extensions>
    </Filter>
    <Filter Include="资源文件">
      <UniqueIdentifier>{67DA6AB6-F800-4c08-8B7A-83BB121AAD01}</UniqueIdentifier>
      <Extensions>rc;ico;cur;bmp;dlg;rc2;rct;bin;rgs;gif;jpg;jpeg;jpe;resx;tiff;tif;png;wav;mfcribbon-ms</Extensions>
    </Filter>
  </ItemGroup>
  <ItemGroup>
    <ClInclude Include="Se.h">
      <Filter>头文件</Filter>
    </ClInclude>
    <ClInclude Include="SeEpoll.h">
      <Filter>头文件</Filter>
    </ClInclude>
    <ClInclude Include="SeIOCP.h">
      <Filter>头文件</Filter>
    </ClInclude>
    <ClInclude Include="SeKqueue.h">
      <Filter>头文件</Filter>
    </ClInclude>
    <ClInclude Include="SePlatForm.h">
      <Filter>头文件</Filter>
    </ClInclude>
    <ClInclude Include="SeSelect.h">
      <Filter>头文件</Filter>
    </ClInclude>
    <ClInclude Include="Socket.h">
      <Filter>头文件</Filter>
    </ClInclude>
    <ClInclude Include="SocketDefine.h">
      <Filter>头文件</Filter>
    </ClInclude>
    <ClInclude Include="Assertx.h">
      <Filter>头文件</Filter>
    </ClInclude>
    <ClInclude Include="Session.h">
      <Filter>头文件</Filter>
    </ClInclude>
    <ClInclude Include="MemPool.hpp">
      <Filter>头文件</Filter>
    </ClInclude>
    <ClInclude Include="SocketBuffer.h">
      <Filter>头文件</Filter>
    </ClInclude>
    <ClInclude Include="Lock.hpp">
      <Filter>头文件</Filter>
    </ClInclude>
    <ClInclude Include="LogHelper.h">
      <Filter>头文件</Filter>
    </ClInclude>
    <ClInclude Include="blockingconcurrentqueue.h">
      <Filter>头文件</Filter>
    </ClInclude>
    <ClInclude Include="concurrentqueue.h">
      <Filter>头文件</Filter>
    </ClInclude>
    <ClInclude Include="json.h">
      <Filter>头文件</Filter>
    </ClInclude>
    <ClInclude Include="JsonConfig.h">
      <Filter>头文件</Filter>
    </ClInclude>
    <ClInclude Include="StringUtil.h">
      <Filter>头文件</Filter>
    </ClInclude>
    <ClInclude Include="ThreadBase.h">
      <Filter>头文件</Filter>
    </ClInclude>
    <ClInclude Include="ThreadPool.h">
      <Filter>头文件</Filter>
    </ClInclude>
    <ClInclude Include="Util.h">
      <Filter>头文件</Filter>
    </ClInclude>
    <ClInclude Include="lexical_cast.hpp">
      <Filter>头文件</Filter>
    </ClInclude>
    <ClInclude Include="ConcurrentQueue.hpp">
      <Filter>头文件</Filter>
    </ClInclude>
    <ClInclude Include="libconfig++.hpp">
      <Filter>头文件</Filter>
    </ClInclude>
    <ClInclude Include="LibConfig.hpp">
      <Filter>头文件</Filter>
    </ClInclude>
    <ClInclude Include="Timer\TimerLoop.h">
      <Filter>头文件</Filter>
    </ClInclude>
    <ClInclude Include="Timer\Timer.h">
      <Filter>头文件</Filter>
    </ClInclude>
    <ClInclude Include="Timer\TimerQueue.h">
      <Filter>头文件</Filter>
    </ClInclude>
    <ClInclude Include="Timer\Timestamp.h">
      <Filter>头文件</Filter>
    </ClInclude>
    <ClInclude Include="SeFINet.h">
      <Filter>头文件</Filter>
    </ClInclude>
    <ClInclude Include="SeFMsgHead.h">
      <Filter>头文件</Filter>
    </ClInclude>
    <ClInclude Include="SeFNetClient.h">
      <Filter>头文件</Filter>
    </ClInclude>
    <ClInclude Include="SeFNodeNet.pb.h">
      <Filter>头文件</Filter>
    </ClInclude>
    <ClInclude Include="ServerPublic.pb.h">
      <Filter>头文件</Filter>
    </ClInclude>
    <ClInclude Include="SeFNet.h">
      <Filter>头文件</Filter>
    </ClInclude>
    <ClInclude Include="NetServerBase.h">
      <Filter>头文件</Filter>
    </ClInclude>
    <ClInclude Include="NetClientBase.h">
      <Filter>头文件</Filter>
    </ClInclude>
  </ItemGroup>
  <ItemGroup>
    <ClCompile Include="SeEpoll.cpp">
      <Filter>源文件</Filter>
    </ClCompile>
    <ClCompile Include="SeIOCP.cpp">
      <Filter>源文件</Filter>
    </ClCompile>
    <ClCompile Include="SeKqueue.cpp">
      <Filter>源文件</Filter>
    </ClCompile>
    <ClCompile Include="SePlatForm.cpp">
      <Filter>源文件</Filter>
    </ClCompile>
    <ClCompile Include="SeSelect.cpp">
      <Filter>源文件</Filter>
    </ClCompile>
    <ClCompile Include="Se.cpp">
      <Filter>源文件</Filter>
    </ClCompile>
    <ClCompile Include="Socket.cpp">
      <Filter>源文件</Filter>
    </ClCompile>
    <ClCompile Include="SocketDefine.cpp">
      <Filter>源文件</Filter>
    </ClCompile>
    <ClCompile Include="Assertx.cpp">
      <Filter>源文件</Filter>
    </ClCompile>
    <ClCompile Include="Session.cpp">
      <Filter>源文件</Filter>
    </ClCompile>
    <ClCompile Include="SocketBuffer.cpp">
      <Filter>源文件</Filter>
    </ClCompile>
    <ClCompile Include="LogHelper.cpp">
      <Filter>源文件</Filter>
    </ClCompile>
    <ClCompile Include="JsonConfig.cpp">
      <Filter>源文件</Filter>
    </ClCompile>
    <ClCompile Include="jsoncpp.cpp">
      <Filter>源文件</Filter>
    </ClCompile>
    <ClCompile Include="StringUtil.cpp">
      <Filter>源文件</Filter>
    </ClCompile>
    <ClCompile Include="ThreadBase.cpp">
      <Filter>源文件</Filter>
    </ClCompile>
    <ClCompile Include="ThreadPool.cpp">
      <Filter>源文件</Filter>
    </ClCompile>
    <ClCompile Include="Util.cpp">
      <Filter>源文件</Filter>
    </ClCompile>
    <ClCompile Include="Timer\TimerLoop.cpp">
      <Filter>源文件</Filter>
    </ClCompile>
    <ClCompile Include="Timer\TimerQueue.cpp">
      <Filter>源文件</Filter>
    </ClCompile>
    <ClCompile Include="Timer\Timestamp.cpp">
      <Filter>源文件</Filter>
    </ClCompile>
    <ClCompile Include="SeFMsgHead.cpp">
      <Filter>源文件</Filter>
    </ClCompile>
    <ClCompile Include="SeFNetClient.cpp">
      <Filter>源文件</Filter>
    </ClCompile>
    <ClCompile Include="SeFNodeNet.pb.cc">
      <Filter>源文件</Filter>
    </ClCompile>
    <ClCompile Include="ServerPublic.pb.cc">
      <Filter>源文件</Filter>
    </ClCompile>
    <ClCompile Include="SeFNet.cpp">
      <Filter>源文件</Filter>
    </ClCompile>
    <ClCompile Include="NetServerBase.cpp">
      <Filter>源文件</Filter>
    </ClCompile>
    <ClCompile Include="NetClientBase.cpp">
      <Filter>源文件</Filter>
    </ClCompile>
  </ItemGroup>
</Project>