<?xml version="1.0" encoding="utf-8"?>
<Project ToolsVersion="4.0" xmlns="http://schemas.microsoft.com/developer/msbuild/2003">
  <ItemGroup>
    <ClCompile Include="Game.cpp" />
    <ClCompile Include="Main.cpp" />
    <ClCompile Include="module\ModuleBuff.cpp" />
    <ClCompile Include="module\ModuleRank.cpp" />
    <ClCompile Include="module\ModulePet.cpp" />
    <ClCompile Include="module\ModuleBase.cpp" />
    <ClCompile Include="NodeNet\GameNodeClient.cpp" />
    <ClCompile Include="NodeNet\GameServerThread.cpp" />
    <ClCompile Include="obj\ObjPet.cpp" />
    <ClCompile Include="obj\ObjPlayer.cpp" />
    <ClCompile Include="obj\ObjMonster.cpp" />
    <ClCompile Include="scene\Scene.cpp" />
    <ClCompile Include="bag\ItemBase.cpp" />
    <ClCompile Include="bag\BagBase.cpp" />
    <ClCompile Include="email\Email.cpp" />
    <ClCompile Include="email\EmailMgr.cpp" />
    <ClCompile Include="scene\map\MapNav.cpp" />
    <ClCompile Include="scene\map\Zone.cpp" />
    <ClCompile Include="scene\map\ZoneMgr.cpp" />
    <ClCompile Include="scene\Scene.cpp" />
    <ClCompile Include="obj\Obj.cpp" />
    <ClCompile Include="scene\map\SceneMap.cpp" />
    <ClCompile Include="scene\map\SceneMapMgr.cpp" />
    <ClCompile Include="scene\move\ObjMove.cpp" />
    <ClCompile Include="scene\dungeon\FightScene.cpp" />
    <ClCompile Include="scene\dungeon\FightSceneImpl.cpp" />
    <ClCompile Include="scene\SceneImpl.cpp" />
    <ClCompile Include="obj\ObjPlayerMgr.cpp" />
    <ClCompile Include="obj\ObjPool.cpp" />
    <ClCompile Include="gameplayer\GamePlayer.cpp" />
    <ClCompile Include="msghandle\ModuleBag.cpp" />
    <ClCompile Include="ai\Context.cpp" />
    <ClCompile Include="ai\StateMgr.cpp" />
    <ClCompile Include="task\Task.cpp" />
    <ClCompile Include="task\TaskMgr.cpp" />
    <ClCompile Include="task\TaskTrigger.cpp" />
    <ClCompile Include="common\Common.cpp" />
    <ClCompile Include="module\ModuleMgr.cpp" />
  </ItemGroup>
  <ItemGroup>
    <ClInclude Include="Game.h" />
    <ClInclude Include="module\ModuleBuff.h" />
    <ClInclude Include="module\ModuleRank.h" />
    <ClInclude Include="module\ModulePet.h" />
    <ClInclude Include="module\ModuleBase.h" />
    <ClInclude Include="NodeNet\GameNodeClient.h" />
    <ClInclude Include="NodeNet\GameServerThread.h" />
    <ClInclude Include="obj\ObjPet.h" />
    <ClInclude Include="obj\ObjPlayer.h" />
    <ClInclude Include="obj\ObjMonster.h" />
    <ClInclude Include="scene\Scene.h" />
    <ClInclude Include="bag\ItemBase.h" />
    <ClInclude Include="bag\BagBase.h" />
    <ClInclude Include="email\Email.h" />
    <ClInclude Include="email\EmailMgr.h" />
    <ClInclude Include="scene\map\MapNav.h" />
    <ClInclude Include="scene\map\Zone.h" />
    <ClInclude Include="scene\map\ZoneMgr.h" />
    <ClInclude Include="scene\Scene.h" />
    <ClInclude Include="obj\Obj.h" />
    <ClInclude Include="scene\map\SceneMap.h" />
    <ClInclude Include="scene\map\SceneMapMgr.h" />
    <ClInclude Include="scene\move\ObjMove.h" />
    <ClInclude Include="scene\dungeon\FightScene.h" />
    <ClInclude Include="scene\dungeon\FightSceneImpl.h" />
    <ClInclude Include="scene\SceneImpl.h" />
    <ClInclude Include="obj\ObjPlayerMgr.h" />
    <ClInclude Include="obj\ObjPool.h" />
    <ClInclude Include="gameplayer\GamePlayer.h" />
    <ClInclude Include="ai\Context.h" />
    <ClInclude Include="ai\State.h" />
    <ClInclude Include="ai\StateMgr.h" />
    <ClInclude Include="task\Task.h" />
    <ClInclude Include="task\TaskMgr.h" />
    <ClInclude Include="task\TaskTrigger.h" />
    <ClInclude Include="common\Common.h" />
    <ClInclude Include="common\GameDef.h" />
    <ClInclude Include="module\ModuleMgr.h" />
  </ItemGroup>
</Project>