<?xml version="1.0" encoding="utf-8"?>
<Project ToolsVersion="4.0" xmlns="http://schemas.microsoft.com/developer/msbuild/2003">
  <ItemGroup>
    <Filter Include="源文件">
      <UniqueIdentifier>{4FC737F1-C7A5-4376-A066-2A32D752A2FF}</UniqueIdentifier>
      <Extensions>cpp;c;cc;cxx;def;odl;idl;hpj;bat;asm;asmx</Extensions>
    </Filter>
    <Filter Include="头文件">
      <UniqueIdentifier>{93995380-89BD-4b04-88EB-625FBE52EBFB}</UniqueIdentifier>
      <Extensions>h;hh;hpp;hxx;hm;inl;inc;ipp;xsd</Extensions>
    </Filter>
    <Filter Include="资源文件">
      <UniqueIdentifier>{67DA6AB6-F800-4c08-8B7A-83BB121AAD01}</UniqueIdentifier>
      <Extensions>rc;ico;cur;bmp;dlg;rc2;rct;bin;rgs;gif;jpg;jpeg;jpe;resx;tiff;tif;png;wav;mfcribbon-ms</Extensions>
    </Filter>
  </ItemGroup>
  <ItemGroup>
    <ClInclude Include="SeEpoll.h">
      <Filter>头文件</Filter>
    </ClInclude>
    <ClInclude Include="SeIOCP.h">
      <Filter>头文件</Filter>
    </ClInclude>
    <ClInclude Include="SeKqueue.h">
      <Filter>头文件</Filter>
    </ClInclude>
    <ClInclude Include="SeSelect.h">
      <Filter>头文件</Filter>
    </ClInclude>
    <ClInclude Include="Socket.h">
      <Filter>头文件</Filter>
    </ClInclude>
    <ClInclude Include="SocketDefine.h">
      <Filter>头文件</Filter>
    </ClInclude>
    <ClInclude Include="Session.h">
      <Filter>头文件</Filter>
    </ClInclude>
    <ClInclude Include="SocketBuffer.h">
      <Filter>头文件</Filter>
    </ClInclude>
    <ClInclude Include="SeFINet.h">
      <Filter>头文件</Filter>
    </ClInclude>
    <ClInclude Include="SeFNetClient.h">
      <Filter>头文件</Filter>
    </ClInclude>
    <ClInclude Include="SeFNodeNet.pb.h">
      <Filter>头文件</Filter>
    </ClInclude>
    <ClInclude Include="ServerPublic.pb.h">
      <Filter>头文件</Filter>
    </ClInclude>
    <ClInclude Include="SeFNet.h">
      <Filter>头文件</Filter>
    </ClInclude>
    <ClInclude Include="SeNet.h">
      <Filter>头文件</Filter>
    </ClInclude>
    <ClInclude Include="SeFServerBase.h">
      <Filter>头文件</Filter>
    </ClInclude>
    <ClInclude Include="SeFClientBase.h">
      <Filter>头文件</Filter>
    </ClInclude>
    <ClInclude Include="http\http_client.h">
      <Filter>头文件</Filter>
    </ClInclude>
    <ClInclude Include="http\http_server.h">
      <Filter>头文件</Filter>
    </ClInclude>
    <ClInclude Include="http\mongoose.h">
      <Filter>头文件</Filter>
    </ClInclude>
  </ItemGroup>
  <ItemGroup>
    <ClCompile Include="SeEpoll.cpp">
      <Filter>源文件</Filter>
    </ClCompile>
    <ClCompile Include="SeIOCP.cpp">
      <Filter>源文件</Filter>
    </ClCompile>
    <ClCompile Include="SeKqueue.cpp">
      <Filter>源文件</Filter>
    </ClCompile>
    <ClCompile Include="SeSelect.cpp">
      <Filter>源文件</Filter>
    </ClCompile>
    <ClCompile Include="Socket.cpp">
      <Filter>源文件</Filter>
    </ClCompile>
    <ClCompile Include="SocketDefine.cpp">
      <Filter>源文件</Filter>
    </ClCompile>
    <ClCompile Include="Session.cpp">
      <Filter>源文件</Filter>
    </ClCompile>
    <ClCompile Include="SocketBuffer.cpp">
      <Filter>源文件</Filter>
    </ClCompile>
    <ClCompile Include="SeFNetClient.cpp">
      <Filter>源文件</Filter>
    </ClCompile>
    <ClCompile Include="SeFNodeNet.pb.cc">
      <Filter>源文件</Filter>
    </ClCompile>
    <ClCompile Include="ServerPublic.pb.cc">
      <Filter>源文件</Filter>
    </ClCompile>
    <ClCompile Include="SeFNet.cpp">
      <Filter>源文件</Filter>
    </ClCompile>
    <ClCompile Include="SeNet.cpp">
      <Filter>源文件</Filter>
    </ClCompile>
    <ClCompile Include="SeFServerBase.cpp">
      <Filter>源文件</Filter>
    </ClCompile>
    <ClCompile Include="SeFClientBase.cpp">
      <Filter>源文件</Filter>
    </ClCompile>
    <ClCompile Include="http\http_client.cpp">
      <Filter>源文件</Filter>
    </ClCompile>
    <ClCompile Include="http\http_server.cpp">
      <Filter>源文件</Filter>
    </ClCompile>
    <ClCompile Include="http\mongoose.c">
      <Filter>源文件</Filter>
    </ClCompile>
    <ClCompile Include="SeFINet.cpp">
      <Filter>源文件</Filter>
    </ClCompile>
  </ItemGroup>
  <ItemGroup>
    <None Include="SeFNodeNet.proto" />
  </ItemGroup>
</Project>