<?xml version="1.0" encoding="utf-8"?>
<Project ToolsVersion="4.0" xmlns="http://schemas.microsoft.com/developer/msbuild/2003">
  <ItemGroup>
    <ClCompile Include="Assertx.cpp" />
    <ClCompile Include="cityhash\city.cc" />
    <ClCompile Include="clientproto\Chat.pb.cc" />
    <ClCompile Include="clientproto\ClientPublic.pb.cc" />
    <ClCompile Include="clientproto\Login.pb.cc" />
    <ClCompile Include="designtable\TableMgr.cpp" />
    <ClCompile Include="JsonConfig.cpp" />
    <ClCompile Include="jsoncpp.cpp" />
    <ClCompile Include="mariacpp\src\bind.cpp" />
    <ClCompile Include="mariacpp\src\connection.cpp" />
    <ClCompile Include="mariacpp\src\exception.cpp" />
    <ClCompile Include="mariacpp\src\lib.cpp" />
    <ClCompile Include="mariacpp\src\ma_time.c" />
    <ClCompile Include="mariacpp\src\prepared_stmt.cpp" />
    <ClCompile Include="mariacpp\src\resultset.cpp" />
    <ClCompile Include="mariacpp\src\time.cpp" />
    <ClCompile Include="mariacpp\src\uri.cpp" />
    <ClCompile Include="md5.cpp" />
    <ClCompile Include="packet\Packet.cpp" />
    <ClCompile Include="packet\PacketMgr.cpp" />
    <ClCompile Include="packet\Player.cpp" />
    <ClCompile Include="redis\db_hiredis.cpp" />
    <ClCompile Include="redis\db_redis.cpp" />
    <ClCompile Include="SePlatForm.cpp" />
    <ClCompile Include="StringUtil.cpp" />
    <ClCompile Include="ThreadBase.cpp" />
    <ClCompile Include="ThreadPool.cpp" />
    <ClCompile Include="timer\Timer.cpp" />
    <ClCompile Include="timer\TimerLoop.cpp" />
    <ClCompile Include="timer\TimerQueue.cpp" />
    <ClCompile Include="timer\Timestamp.cpp" />
    <ClCompile Include="Util.cpp" />
    <ClCompile Include="LogUtil.cpp" />
    <ClCompile Include="FileUtil.cpp" />
    <ClCompile Include="SqlUtil.cpp" />
    <ClCompile Include="TableDB.cpp" />
    <ClCompile Include="SnowFlake.cpp" />
    <ClCompile Include="expr\SimpleExpr.cpp" />
    <ClCompile Include="stat\Stat.cpp" />
    <ClCompile Include="3d\V3Map.cpp" />
    <ClCompile Include="map\MapNavMesh.cpp" />
  </ItemGroup>
  <ItemGroup>
    <ClInclude Include="Assertx.h" />
    <ClInclude Include="blockingconcurrentqueue.h" />
    <ClInclude Include="BlockQueue.hpp" />
    <ClInclude Include="cityhash\city.h" />
    <ClInclude Include="cityhash\citycrc.h" />
    <ClInclude Include="clientmodule\ModuleChat.h" />
    <ClInclude Include="clientmodule\ModuleGame.h" />
    <ClInclude Include="clientmodule\ModuleGate.h" />
    <ClInclude Include="clientmodule\ModuleLogin.h" />
    <ClInclude Include="clientmodule\ModuleWorld.h" />
    <ClInclude Include="clientproto\Chat.pb.h" />
    <ClInclude Include="clientproto\ClientPublic.pb.h" />
    <ClInclude Include="clientproto\Login.pb.h" />
    <ClInclude Include="CommDef.h" />
    <ClInclude Include="concurrentqueue.h" />
    <ClInclude Include="ConcurrentQueue.hpp" />
    <ClInclude Include="ConsistentHash.hpp" />
    <ClInclude Include="designtable\Activity.hpp" />
    <ClInclude Include="designtable\TableMgr.h" />
    <ClInclude Include="json.h" />
    <ClInclude Include="JsonConfig.h" />
    <ClInclude Include="lexical_cast.hpp" />
    <ClInclude Include="Lock.hpp" />
    <ClInclude Include="MapEx.hpp" />
    <ClInclude Include="mariacpp\mariacpp\bits\bind.hpp" />
    <ClInclude Include="mariacpp\mariacpp\connection.hpp" />
    <ClInclude Include="mariacpp\mariacpp\exception.hpp" />
    <ClInclude Include="mariacpp\mariacpp\lib.hpp" />
    <ClInclude Include="mariacpp\mariacpp\prepared_stmt.hpp" />
    <ClInclude Include="mariacpp\mariacpp\resultset.hpp" />
    <ClInclude Include="mariacpp\mariacpp\time.hpp" />
    <ClInclude Include="mariacpp\mariacpp\uri.hpp" />
    <ClInclude Include="md5.h" />
    <ClInclude Include="MemPool.hpp" />
    <ClInclude Include="packet\Packet.h" />
    <ClInclude Include="packet\PacketMgr.h" />
    <ClInclude Include="packet\Player.h" />
    <ClInclude Include="redis\db_hiredis.h" />
    <ClInclude Include="redis\db_redis.h" />
    <ClInclude Include="SePlatForm.h" />
    <ClInclude Include="StringUtil.h" />
    <ClInclude Include="ThreadBase.h" />
    <ClInclude Include="ThreadPool.h" />
    <ClInclude Include="timer\Timer.h" />
    <ClInclude Include="timer\TimerLoop.h" />
    <ClInclude Include="timer\TimerQueue.h" />
    <ClInclude Include="timer\Timestamp.h" />
    <ClInclude Include="Util.h" />
    <ClInclude Include="LogUtil.h" />
    <ClInclude Include="FileUtil.h" />
    <ClInclude Include="SqlUtil.h" />
    <ClInclude Include="AnyData.hpp" />
    <ClInclude Include="TableDB.h" />
    <ClInclude Include="Random.hpp" />
    <ClInclude Include="SingleTon.hpp" />
    <ClInclude Include="SnowFlake.h" />
    <ClInclude Include="expr\SimpleExpr.h" />
    <ClInclude Include="stat\Stat.h" />
    <ClInclude Include="3d\V3Map.h" />
  </ItemGroup>
</Project>